
Microsoft Visual Studio Solution File, Format Version 12.00
# Visual Studio 15
Project("{FAE04EC0-301F-11D3-BF4B-00C04F79EFBC}") = "Pik", "Pik\Pik.csproj", "{AFA2E175-312E-4C00-A93F-E2B1E58E6BE0}"
EndProject
Global
	GlobalSection(SolutionConfigurationPlatforms) = preSolution
		Debug|Any CPU = Debug|Any CPU
		Release|Any CPU = Release|Any CPU
	EndGlobalSection
	GlobalSection(ProjectConfigurationPlatforms) = postSolution
		{AFA2E175-312E-4C00-A93F-E2B1E58E6BE0}.Debug|Any CPU.ActiveCfg = Debug|Any CPU
		{AFA2E175-312E-4C00-A93F-E2B1E58E6BE0}.Debug|Any CPU.Build.0 = Debug|Any CPU
		{AFA2E175-312E-4C00-A93F-E2B1E58E6BE0}.Release|Any CPU.ActiveCfg = Release|Any CPU
		{AFA2E175-312E-4C00-A93F-E2B1E58E6BE0}.Release|Any CPU.Build.0 = Release|Any CPU
	EndGlobalSection
EndGlobal
